#
# This file is autogenerated by pip-compile with Python 3.12
# by the following command:
#
#    pip-compile --output-file=requirements.lock --strip-extras requirements.base.txt
#
adc-streaming==2.6.0
    # via hop-client
aiobotocore==3.7.0
    # via s3fs
aiohappyeyeballs==2.6.2
    # via aiohttp
aiohttp==3.13.5
    # via
    #   aiobotocore
    #   hats
    #   s3fs
aioitertools==0.13.0
    # via aiobotocore
aiosignal==1.4.0
    # via aiohttp
amqp==5.3.1
    # via kombu
annotated-types==0.7.0
    # via pydantic
antares-client==1.14.0
    # via -r requirements.base.txt
anyio==4.13.0
    # via httpx
asgiref==3.11.1
    # via django
asn1crypto==1.5.1
    # via scramp
astropy==7.2.0
    # via
    #   -r requirements.base.txt
    #   antares-client
    #   astropy-healpix
    #   cdshealpix
    #   hats
    #   mocpy
    #   pittgoogle-client
astropy-healpix==1.1.3
    # via antares-client
astropy-iers-data==0.2026.5.25.1.14.13
    # via astropy
attrs==26.1.0
    # via
    #   aiohttp
    #   pittgoogle-client
billiard==4.2.4
    # via celery
bokeh==3.9.0
    # via dask
botocore==1.43.0
    # via aiobotocore
bson==0.5.10
    # via antares-client
cdshealpix==0.8.1
    # via hats
celery==5.6.3
    # via
    #   django-celery-beat
    #   django-celery-results
    #   flower
certifi==2026.5.20
    # via
    #   adc-streaming
    #   httpcore
    #   httpx
    #   requests
cffi==2.0.0
    # via cryptography
charset-normalizer==3.4.7
    # via requests
click==8.4.1
    # via
    #   antares-client
    #   celery
    #   click-didyoumean
    #   click-plugins
    #   click-repl
    #   dask
    #   distributed
click-didyoumean==0.3.1
    # via celery
click-plugins==1.1.1.2
    # via celery
click-repl==0.3.0
    # via celery
cloudpickle==3.1.2
    # via
    #   dask
    #   distributed
confluent-kafka==2.13.0
    # via
    #   -r requirements.base.txt
    #   adc-streaming
    #   antares-client
contourpy==1.3.3
    # via bokeh
cron-descriptor==1.4.5
    # via django-celery-beat
cryptography==48.0.0
    # via google-auth
dask==2026.1.2
    # via
    #   -r requirements.base.txt
    #   distributed
    #   lsdb
db-dtypes==1.6.0
    # via pittgoogle-client
deprecated==1.3.1
    # via
    #   lsdb
    #   nested-pandas
distributed==2026.1.2
    # via dask
django==6.0.5
    # via
    #   -r requirements.base.txt
    #   django-celery-beat
    #   django-celery-results
    #   django-tables2
    #   django-timezone-field
django-celery-beat==2.9.0
    # via -r requirements.base.txt
django-celery-results==2.6.0
    # via -r requirements.base.txt
django-tables2==3.0.0
    # via -r requirements.base.txt
django-timezone-field==7.2.1
    # via django-celery-beat
fastavro==1.12.2
    # via
    #   hop-client
    #   pittgoogle-client
flower==2.0.1
    # via -r requirements.base.txt
frozenlist==1.8.0
    # via
    #   aiohttp
    #   aiosignal
fsspec==2026.4.0
    # via
    #   dask
    #   hats
    #   nested-pandas
    #   s3fs
    #   universal-pathlib
google-api-core==2.30.3
    # via
    #   google-cloud-bigquery
    #   google-cloud-core
    #   google-cloud-functions
    #   google-cloud-pubsub
google-auth==2.53.0
    # via
    #   google-api-core
    #   google-auth-oauthlib
    #   google-cloud-bigquery
    #   google-cloud-core
    #   google-cloud-functions
    #   google-cloud-pubsub
google-auth-oauthlib==1.4.0
    # via pittgoogle-client
google-cloud-bigquery==3.41.0
    # via pittgoogle-client
google-cloud-core==2.6.0
    # via google-cloud-bigquery
google-cloud-functions==1.23.0
    # via pittgoogle-client
google-cloud-pubsub==2.38.0
    # via pittgoogle-client
google-crc32c==1.8.0
    # via google-resumable-media
google-resumable-media==2.9.0
    # via google-cloud-bigquery
googleapis-common-protos==1.75.0
    # via
    #   google-api-core
    #   grpc-google-iam-v1
    #   grpcio-status
grpc-google-iam-v1==0.14.4
    # via
    #   google-cloud-functions
    #   google-cloud-pubsub
grpcio==1.80.0
    # via
    #   google-api-core
    #   google-cloud-functions
    #   google-cloud-pubsub
    #   googleapis-common-protos
    #   grpc-google-iam-v1
    #   grpcio-status
grpcio-status==1.80.0
    # via
    #   google-api-core
    #   google-cloud-pubsub
h11==0.16.0
    # via httpcore
hats==0.9.0
    # via
    #   -r requirements.base.txt
    #   lsdb
hop-client==0.12.1
    # via -r requirements.base.txt
hpgeom==1.5.4
    # via pittgoogle-client
httpcore==1.0.9
    # via httpx
httpx==0.28.1
    # via -r requirements.base.txt
human-readable==2.0.3
    # via hats
humanize==4.15.0
    # via flower
idna==3.16
    # via
    #   anyio
    #   httpx
    #   requests
    #   yarl
jinja2==3.1.6
    # via
    #   bokeh
    #   dask
    #   distributed
    #   hats
jmespath==1.1.0
    # via
    #   aiobotocore
    #   botocore
jproperties==2.1.2
    # via hats
kombu==5.6.2
    # via celery
lasair==0.1.4
    # via -r requirements.base.txt
llvmlite==0.47.0
    # via numba
locket==1.0.0
    # via
    #   distributed
    #   partd
lsdb==0.9.0
    # via -r requirements.base.txt
lz4==4.4.5
    # via dask
markupsafe==3.0.3
    # via jinja2
marshmallow==3.26.2
    # via
    #   antares-client
    #   marshmallow-jsonapi
marshmallow-jsonapi==0.24.0
    # via antares-client
mocpy==0.20.0
    # via hats
msgpack==1.1.2
    # via distributed
multidict==6.7.1
    # via
    #   aiobotocore
    #   aiohttp
    #   yarl
narwhals==2.21.2
    # via bokeh
nested-pandas==0.6.10
    # via
    #   hats
    #   lsdb
numba==0.65.1
    # via hats
numpy==2.4.2
    # via
    #   -r requirements.base.txt
    #   antares-client
    #   astropy
    #   astropy-healpix
    #   bokeh
    #   contourpy
    #   dask
    #   db-dtypes
    #   hats
    #   hpgeom
    #   lsdb
    #   mocpy
    #   nested-pandas
    #   numba
    #   pandas
    #   pyerfa
    #   scipy
oauthlib==3.3.1
    # via requests-oauthlib
opentelemetry-api==1.42.1
    # via
    #   google-cloud-pubsub
    #   opentelemetry-sdk
    #   opentelemetry-semantic-conventions
opentelemetry-sdk==1.42.1
    # via google-cloud-pubsub
opentelemetry-semantic-conventions==0.63b1
    # via opentelemetry-sdk
packaging==26.2
    # via
    #   astropy
    #   bokeh
    #   dask
    #   db-dtypes
    #   distributed
    #   google-cloud-bigquery
    #   kombu
    #   marshmallow
pandas==2.3.3
    # via
    #   -r requirements.base.txt
    #   antares-client
    #   dask
    #   db-dtypes
    #   hats
    #   nested-pandas
    #   pittgoogle-client
partd==1.4.2
    # via dask
pathlib-abc==0.5.2
    # via universal-pathlib
pillow==12.2.0
    # via bokeh
pittgoogle-client==0.3.22
    # via -r requirements.base.txt
pluggy==1.6.0
    # via hop-client
prometheus-client==0.25.0
    # via
    #   -r requirements.base.txt
    #   flower
prompt-toolkit==3.0.52
    # via click-repl
propcache==0.5.2
    # via
    #   aiohttp
    #   yarl
proto-plus==1.28.0
    # via
    #   google-api-core
    #   google-cloud-functions
    #   google-cloud-pubsub
protobuf==6.33.6
    # via
    #   google-api-core
    #   google-cloud-functions
    #   google-cloud-pubsub
    #   googleapis-common-protos
    #   grpc-google-iam-v1
    #   grpcio-status
    #   proto-plus
psutil==7.2.2
    # via distributed
psycopg==3.3.4
    # via -r requirements.base.txt
psycopg-binary==3.3.4
    # via psycopg
pyarrow==24.0.0
    # via
    #   dask
    #   db-dtypes
    #   hats
    #   lsdb
    #   nested-pandas
pyasn1==0.6.3
    # via pyasn1-modules
pyasn1-modules==0.4.2
    # via google-auth
pycparser==3.0
    # via cffi
pydantic==2.13.4
    # via hats
pydantic-core==2.46.4
    # via pydantic
pyerfa==2.0.1.5
    # via astropy
python-crontab==3.3.0
    # via django-celery-beat
python-dateutil==2.9.0.post0
    # via
    #   aiobotocore
    #   botocore
    #   bson
    #   celery
    #   google-cloud-bigquery
    #   hop-client
    #   pandas
pytz==2026.2
    # via
    #   flower
    #   pandas
pyyaml==6.0.3
    # via
    #   astropy
    #   bokeh
    #   dask
    #   distributed
redis==7.4.0
    # via -r requirements.base.txt
requests==2.34.2
    # via
    #   antares-client
    #   google-api-core
    #   google-cloud-bigquery
    #   hop-client
    #   lasair
    #   requests-oauthlib
requests-oauthlib==2.0.0
    # via google-auth-oauthlib
s3fs==2026.4.0
    # via -r requirements.base.txt
scipy==1.17.1
    # via
    #   hats
    #   lsdb
scramp==1.4.8
    # via hop-client
six==1.17.0
    # via
    #   bson
    #   jproperties
    #   python-dateutil
sortedcontainers==2.4.0
    # via distributed
sqlparse==0.5.5
    # via django
structlog==25.5.0
    # via -r requirements.base.txt
tabulate==0.10.0
    # via
    #   lsdb
    #   pittgoogle-client
tblib==3.2.2
    # via distributed
toml==0.10.2
    # via hop-client
toolz==1.1.0
    # via
    #   dask
    #   distributed
    #   partd
tornado==6.5.4
    # via
    #   -r requirements.base.txt
    #   bokeh
    #   distributed
    #   flower
tqdm==4.67.3
    # via
    #   adc-streaming
    #   lsdb
typing-extensions==4.15.0
    # via
    #   aiosignal
    #   antares-client
    #   anyio
    #   grpcio
    #   hats
    #   opentelemetry-api
    #   opentelemetry-sdk
    #   opentelemetry-semantic-conventions
    #   psycopg
    #   pydantic
    #   pydantic-core
    #   typing-inspection
typing-inspection==0.4.2
    # via pydantic
tzdata==2026.2
    # via
    #   django-celery-beat
    #   kombu
    #   pandas
tzlocal==5.3.1
    # via celery
universal-pathlib==0.3.10
    # via
    #   hats
    #   lsdb
    #   nested-pandas
urllib3==2.7.0
    # via
    #   botocore
    #   distributed
    #   requests
valkey==6.1.1
    # via -r requirements.base.txt
vine==5.1.0
    # via
    #   amqp
    #   celery
    #   kombu
watchdog==6.0.0
    # via -r requirements.base.txt
wcwidth==0.7.0
    # via prompt-toolkit
wrapt==2.2.1
    # via
    #   aiobotocore
    #   deprecated
    #   nested-pandas
xmltodict==1.0.4
    # via hop-client
xyzservices==2026.3.0
    # via bokeh
yarl==1.24.2
    # via aiohttp
zict==3.0.0
    # via distributed
